// !$*UTF8*$!
{
	archiveVersion = 1;
	classes = {
	};
	objectVersion = 55;
	objects = {

/* Begin PBXBuildFile section */
		851045DE273A7F8A009D4C03 /* GlobalState.swift in Sources */ = {isa = PBXBuildFile; fileRef = 851045DD273A7F8A009D4C03 /* GlobalState.swift */; };
		851045E0273A827E009D4C03 /* HomeObservableObject.swift in Sources */ = {isa = PBXBuildFile; fileRef = 851045DF273A827E009D4C03 /* HomeObservableObject.swift */; };
		851045E2273A828D009D4C03 /* UserNameObservableObject.swift in Sources */ = {isa = PBXBuildFile; fileRef = 851045E1273A828D009D4C03 /* UserNameObservableObject.swift */; };
		851045E4273A82A5009D4C03 /* AlarmNameObservableObject.swift in Sources */ = {isa = PBXBuildFile; fileRef = 851045E3273A82A5009D4C03 /* AlarmNameObservableObject.swift */; };
		851045E6273A82B7009D4C03 /* AlarmAddressObservableObject.swift in Sources */ = {isa = PBXBuildFile; fileRef = 851045E5273A82B7009D4C03 /* AlarmAddressObservableObject.swift */; };
		851045E8273A8902009D4C03 /* UserNameResource.swift in Sources */ = {isa = PBXBuildFile; fileRef = 851045E7273A8902009D4C03 /* UserNameResource.swift */; };
		851045EA273A8917009D4C03 /* AlarmNameResource.swift in Sources */ = {isa = PBXBuildFile; fileRef = 851045E9273A8917009D4C03 /* AlarmNameResource.swift */; };
		851045EC273A892E009D4C03 /* HomeResource.swift in Sources */ = {isa = PBXBuildFile; fileRef = 851045EB273A892E009D4C03 /* HomeResource.swift */; };
		851045EF273A9A35009D4C03 /* NetworkService.swift in Sources */ = {isa = PBXBuildFile; fileRef = 851045EE273A9A35009D4C03 /* NetworkService.swift */; };
		851045F1273A9F25009D4C03 /* SceneState.swift in Sources */ = {isa = PBXBuildFile; fileRef = 851045F0273A9F25009D4C03 /* SceneState.swift */; };
		8556184327397A310095E62F /* ArchitactureTestAppApp.swift in Sources */ = {isa = PBXBuildFile; fileRef = 8556184227397A310095E62F /* ArchitactureTestAppApp.swift */; };
		8556184527397A310095E62F /* ContentView.swift in Sources */ = {isa = PBXBuildFile; fileRef = 8556184427397A310095E62F /* ContentView.swift */; };
		8556184727397A380095E62F /* Assets.xcassets in Resources */ = {isa = PBXBuildFile; fileRef = 8556184627397A380095E62F /* Assets.xcassets */; };
		8556184A27397A380095E62F /* Preview Assets.xcassets in Resources */ = {isa = PBXBuildFile; fileRef = 8556184927397A380095E62F /* Preview Assets.xcassets */; };
		8556185627397AD30095E62F /* HomeScene.swift in Sources */ = {isa = PBXBuildFile; fileRef = 8556185527397AD30095E62F /* HomeScene.swift */; };
		8556185B27397BB70095E62F /* UserNameScene.swift in Sources */ = {isa = PBXBuildFile; fileRef = 8556185A27397BB70095E62F /* UserNameScene.swift */; };
		8556185D27397BC70095E62F /* AlarmNameScene.swift in Sources */ = {isa = PBXBuildFile; fileRef = 8556185C27397BC70095E62F /* AlarmNameScene.swift */; };
		8556185F27397BD50095E62F /* AlarmAddressScene.swift in Sources */ = {isa = PBXBuildFile; fileRef = 8556185E27397BD50095E62F /* AlarmAddressScene.swift */; };
/* End PBXBuildFile section */

/* Begin PBXFileReference section */
		851045DD273A7F8A009D4C03 /* GlobalState.swift */ = {isa = PBXFileReference; lastKnownFileType = sourcecode.swift; path = GlobalState.swift; sourceTree = "<group>"; };
		851045DF273A827E009D4C03 /* HomeObservableObject.swift */ = {isa = PBXFileReference; lastKnownFileType = sourcecode.swift; path = HomeObservableObject.swift; sourceTree = "<group>"; };
		851045E1273A828D009D4C03 /* UserNameObservableObject.swift */ = {isa = PBXFileReference; lastKnownFileType = sourcecode.swift; path = UserNameObservableObject.swift; sourceTree = "<group>"; };
		851045E3273A82A5009D4C03 /* AlarmNameObservableObject.swift */ = {isa = PBXFileReference; lastKnownFileType = sourcecode.swift; path = AlarmNameObservableObject.swift; sourceTree = "<group>"; };
		851045E5273A82B7009D4C03 /* AlarmAddressObservableObject.swift */ = {isa = PBXFileReference; lastKnownFileType = sourcecode.swift; path = AlarmAddressObservableObject.swift; sourceTree = "<group>"; };
		851045E7273A8902009D4C03 /* UserNameResource.swift */ = {isa = PBXFileReference; lastKnownFileType = sourcecode.swift; path = UserNameResource.swift; sourceTree = "<group>"; };
		851045E9273A8917009D4C03 /* AlarmNameResource.swift */ = {isa = PBXFileReference; lastKnownFileType = sourcecode.swift; path = AlarmNameResource.swift; sourceTree = "<group>"; };
		851045EB273A892E009D4C03 /* HomeResource.swift */ = {isa = PBXFileReference; lastKnownFileType = sourcecode.swift; path = HomeResource.swift; sourceTree = "<group>"; };
		851045EE273A9A35009D4C03 /* NetworkService.swift */ = {isa = PBXFileReference; lastKnownFileType = sourcecode.swift; path = NetworkService.swift; sourceTree = "<group>"; };
		851045F0273A9F25009D4C03 /* SceneState.swift */ = {isa = PBXFileReference; lastKnownFileType = sourcecode.swift; path = SceneState.swift; sourceTree = "<group>"; };
		8556183F27397A310095E62F /* ArchitactureTestApp.app */ = {isa = PBXFileReference; explicitFileType = wrapper.application; includeInIndex = 0; path = ArchitactureTestApp.app; sourceTree = BUILT_PRODUCTS_DIR; };
		8556184227397A310095E62F /* ArchitactureTestAppApp.swift */ = {isa = PBXFileReference; lastKnownFileType = sourcecode.swift; path = ArchitactureTestAppApp.swift; sourceTree = "<group>"; };
		8556184427397A310095E62F /* ContentView.swift */ = {isa = PBXFileReference; lastKnownFileType = sourcecode.swift; path = ContentView.swift; sourceTree = "<group>"; };
		8556184627397A380095E62F /* Assets.xcassets */ = {isa = PBXFileReference; lastKnownFileType = folder.assetcatalog; path = Assets.xcassets; sourceTree = "<group>"; };
		8556184927397A380095E62F /* Preview Assets.xcassets */ = {isa = PBXFileReference; lastKnownFileType = folder.assetcatalog; path = "Preview Assets.xcassets"; sourceTree = "<group>"; };
		8556185527397AD30095E62F /* HomeScene.swift */ = {isa = PBXFileReference; lastKnownFileType = sourcecode.swift; path = HomeScene.swift; sourceTree = "<group>"; };
		8556185A27397BB70095E62F /* UserNameScene.swift */ = {isa = PBXFileReference; lastKnownFileType = sourcecode.swift; path = UserNameScene.swift; sourceTree = "<group>"; };
		8556185C27397BC70095E62F /* AlarmNameScene.swift */ = {isa = PBXFileReference; lastKnownFileType = sourcecode.swift; path = AlarmNameScene.swift; sourceTree = "<group>"; };
		8556185E27397BD50095E62F /* AlarmAddressScene.swift */ = {isa = PBXFileReference; lastKnownFileType = sourcecode.swift; path = AlarmAddressScene.swift; sourceTree = "<group>"; };
/* End PBXFileReference section */

/* Begin PBXFrameworksBuildPhase section */
		8556183C27397A310095E62F /* Frameworks */ = {
			isa = PBXFrameworksBuildPhase;
			buildActionMask = 2147483647;
			files = (
			);
			runOnlyForDeploymentPostprocessing = 0;
		};
/* End PBXFrameworksBuildPhase section */

/* Begin PBXGroup section */
		851045DC273A7F77009D4C03 /* Model */ = {
			isa = PBXGroup;
			children = (
				851045DD273A7F8A009D4C03 /* GlobalState.swift */,
				851045F0273A9F25009D4C03 /* SceneState.swift */,
			);
			path = Model;
			sourceTree = "<group>";
		};
		851045ED273A9A27009D4C03 /* Services */ = {
			isa = PBXGroup;
			children = (
				851045EE273A9A35009D4C03 /* NetworkService.swift */,
			);
			path = Services;
			sourceTree = "<group>";
		};
		8556183627397A300095E62F = {
			isa = PBXGroup;
			children = (
				8556184127397A310095E62F /* ArchitactureTestApp */,
				8556184027397A310095E62F /* Products */,
			);
			sourceTree = "<group>";
		};
		8556184027397A310095E62F /* Products */ = {
			isa = PBXGroup;
			children = (
				8556183F27397A310095E62F /* ArchitactureTestApp.app */,
			);
			name = Products;
			sourceTree = "<group>";
		};
		8556184127397A310095E62F /* ArchitactureTestApp */ = {
			isa = PBXGroup;
			children = (
				851045ED273A9A27009D4C03 /* Services */,
				851045DC273A7F77009D4C03 /* Model */,
				8556185427397A970095E62F /* Scenes */,
				8556184227397A310095E62F /* ArchitactureTestAppApp.swift */,
				8556184427397A310095E62F /* ContentView.swift */,
				8556184627397A380095E62F /* Assets.xcassets */,
				8556184827397A380095E62F /* Preview Content */,
			);
			path = ArchitactureTestApp;
			sourceTree = "<group>";
		};
		8556184827397A380095E62F /* Preview Content */ = {
			isa = PBXGroup;
			children = (
				8556184927397A380095E62F /* Preview Assets.xcassets */,
			);
			path = "Preview Content";
			sourceTree = "<group>";
		};
		8556185027397A670095E62F /* Home Scene */ = {
			isa = PBXGroup;
			children = (
				8556185527397AD30095E62F /* HomeScene.swift */,
				851045DF273A827E009D4C03 /* HomeObservableObject.swift */,
				851045EB273A892E009D4C03 /* HomeResource.swift */,
			);
			path = "Home Scene";
			sourceTree = "<group>";
		};
		8556185427397A970095E62F /* Scenes */ = {
			isa = PBXGroup;
			children = (
				8556185927397AF00095E62F /* Alarm Address Scene */,
				8556185827397AE40095E62F /* Alarm Name Scene */,
				8556185727397ADC0095E62F /* User Name Scene */,
				8556185027397A670095E62F /* Home Scene */,
			);
			path = Scenes;
			sourceTree = "<group>";
		};
		8556185727397ADC0095E62F /* User Name Scene */ = {
			isa = PBXGroup;
			children = (
				8556185A27397BB70095E62F /* UserNameScene.swift */,
				851045E1273A828D009D4C03 /* UserNameObservableObject.swift */,
				851045E7273A8902009D4C03 /* UserNameResource.swift */,
			);
			path = "User Name Scene";
			sourceTree = "<group>";
		};
		8556185827397AE40095E62F /* Alarm Name Scene */ = {
			isa = PBXGroup;
			children = (
				8556185C27397BC70095E62F /* AlarmNameScene.swift */,
				851045E3273A82A5009D4C03 /* AlarmNameObservableObject.swift */,
				851045E9273A8917009D4C03 /* AlarmNameResource.swift */,
			);
			path = "Alarm Name Scene";
			sourceTree = "<group>";
		};
		8556185927397AF00095E62F /* Alarm Address Scene */ = {
			isa = PBXGroup;
			children = (
				8556185E27397BD50095E62F /* AlarmAddressScene.swift */,
				851045E5273A82B7009D4C03 /* AlarmAddressObservableObject.swift */,
			);
			path = "Alarm Address Scene";
			sourceTree = "<group>";
		};
/* End PBXGroup section */

/* Begin PBXNativeTarget section */
		8556183E27397A310095E62F /* ArchitactureTestApp */ = {
			isa = PBXNativeTarget;
			buildConfigurationList = 8556184D27397A380095E62F /* Build configuration list for PBXNativeTarget "ArchitactureTestApp" */;
			buildPhases = (
				8556183B27397A310095E62F /* Sources */,
				8556183C27397A310095E62F /* Frameworks */,
				8556183D27397A310095E62F /* Resources */,
			);
			buildRules = (
			);
			dependencies = (
			);
			name = ArchitactureTestApp;
			productName = ArchitactureTestApp;
			productReference = 8556183F27397A310095E62F /* ArchitactureTestApp.app */;
			productType = "com.apple.product-type.application";
		};
/* End PBXNativeTarget section */

/* Begin PBXProject section */
		8556183727397A310095E62F /* Project object */ = {
			isa = PBXProject;
			attributes = {
				BuildIndependentTargetsInParallel = 1;
				LastSwiftUpdateCheck = 1310;
				LastUpgradeCheck = 1310;
				TargetAttributes = {
					8556183E27397A310095E62F = {
						CreatedOnToolsVersion = 13.1;
					};
				};
			};
			buildConfigurationList = 8556183A27397A310095E62F /* Build configuration list for PBXProject "ArchitactureTestApp" */;
			compatibilityVersion = "Xcode 13.0";
			developmentRegion = en;
			hasScannedForEncodings = 0;
			knownRegions = (
				en,
				Base,
			);
			mainGroup = 8556183627397A300095E62F;
			productRefGroup = 8556184027397A310095E62F /* Products */;
			projectDirPath = "";
			projectRoot = "";
			targets = (
				8556183E27397A310095E62F /* ArchitactureTestApp */,
			);
		};
/* End PBXProject section */

/* Begin PBXResourcesBuildPhase section */
		8556183D27397A310095E62F /* Resources */ = {
			isa = PBXResourcesBuildPhase;
			buildActionMask = 2147483647;
			files = (
				8556184A27397A380095E62F /* Preview Assets.xcassets in Resources */,
				8556184727397A380095E62F /* Assets.xcassets in Resources */,
			);
			runOnlyForDeploymentPostprocessing = 0;
		};
/* End PBXResourcesBuildPhase section */

/* Begin PBXSourcesBuildPhase section */
		8556183B27397A310095E62F /* Sources */ = {
			isa = PBXSourcesBuildPhase;
			buildActionMask = 2147483647;
			files = (
				851045E4273A82A5009D4C03 /* AlarmNameObservableObject.swift in Sources */,
				851045E8273A8902009D4C03 /* UserNameResource.swift in Sources */,
				8556185B27397BB70095E62F /* UserNameScene.swift in Sources */,
				851045E2273A828D009D4C03 /* UserNameObservableObject.swift in Sources */,
				8556185F27397BD50095E62F /* AlarmAddressScene.swift in Sources */,
				851045E0273A827E009D4C03 /* HomeObservableObject.swift in Sources */,
				851045EC273A892E009D4C03 /* HomeResource.swift in Sources */,
				8556185627397AD30095E62F /* HomeScene.swift in Sources */,
				851045E6273A82B7009D4C03 /* AlarmAddressObservableObject.swift in Sources */,
				8556184527397A310095E62F /* ContentView.swift in Sources */,
				851045F1273A9F25009D4C03 /* SceneState.swift in Sources */,
				851045EF273A9A35009D4C03 /* NetworkService.swift in Sources */,
				851045EA273A8917009D4C03 /* AlarmNameResource.swift in Sources */,
				8556185D27397BC70095E62F /* AlarmNameScene.swift in Sources */,
				851045DE273A7F8A009D4C03 /* GlobalState.swift in Sources */,
				8556184327397A310095E62F /* ArchitactureTestAppApp.swift in Sources */,
			);
			runOnlyForDeploymentPostprocessing = 0;
		};
/* End PBXSourcesBuildPhase section */

/* Begin XCBuildConfiguration section */
		8556184B27397A380095E62F /* Debug */ = {
			isa = XCBuildConfiguration;
			buildSettings = {
				ALWAYS_SEARCH_USER_PATHS = NO;
				CLANG_ANALYZER_NONNULL = YES;
				CLANG_ANALYZER_NUMBER_OBJECT_CONVERSION = YES_AGGRESSIVE;
				CLANG_CXX_LANGUAGE_STANDARD = "gnu++17";
				CLANG_CXX_LIBRARY = "libc++";
				CLANG_ENABLE_MODULES = YES;
				CLANG_ENABLE_OBJC_ARC = YES;
				CLANG_ENABLE_OBJC_WEAK = YES;
				CLANG_WARN_BLOCK_CAPTURE_AUTORELEASING = YES;
				CLANG_WARN_BOOL_CONVERSION = YES;
				CLANG_WARN_COMMA = YES;
				CLANG_WARN_CONSTANT_CONVERSION = YES;
				CLANG_WARN_DEPRECATED_OBJC_IMPLEMENTATIONS = YES;
				CLANG_WARN_DIRECT_OBJC_ISA_USAGE = YES_ERROR;
				CLANG_WARN_DOCUMENTATION_COMMENTS = YES;
				CLANG_WARN_EMPTY_BODY = YES;
				CLANG_WARN_ENUM_CONVERSION = YES;
				CLANG_WARN_INFINITE_RECURSION = YES;
				CLANG_WARN_INT_CONVERSION = YES;
				CLANG_WARN_NON_LITERAL_NULL_CONVERSION = YES;
				CLANG_WARN_OBJC_IMPLICIT_RETAIN_SELF = YES;
				CLANG_WARN_OBJC_LITERAL_CONVERSION = YES;
				CLANG_WARN_OBJC_ROOT_CLASS = YES_ERROR;
				CLANG_WARN_QUOTED_INCLUDE_IN_FRAMEWORK_HEADER = YES;
				CLANG_WARN_RANGE_LOOP_ANALYSIS = YES;
				CLANG_WARN_STRICT_PROTOTYPES = YES;
				CLANG_WARN_SUSPICIOUS_MOVE = YES;
				CLANG_WARN_UNGUARDED_AVAILABILITY = YES_AGGRESSIVE;
				CLANG_WARN_UNREACHABLE_CODE = YES;
				CLANG_WARN__DUPLICATE_METHOD_MATCH = YES;
				COPY_PHASE_STRIP = NO;
				DEBUG_INFORMATION_FORMAT = dwarf;
				ENABLE_STRICT_OBJC_MSGSEND = YES;
				ENABLE_TESTABILITY = YES;
				GCC_C_LANGUAGE_STANDARD = gnu11;
				GCC_DYNAMIC_NO_PIC = NO;
				GCC_NO_COMMON_BLOCKS = YES;
				GCC_OPTIMIZATION_LEVEL = 0;
				GCC_PREPROCESSOR_DEFINITIONS = (
					"DEBUG=1",
					"$(inherited)",
				);
				GCC_WARN_64_TO_32_BIT_CONVERSION = YES;
				GCC_WARN_ABOUT_RETURN_TYPE = YES_ERROR;
				GCC_WARN_UNDECLARED_SELECTOR = YES;
				GCC_WARN_UNINITIALIZED_AUTOS = YES_AGGRESSIVE;
				GCC_WARN_UNUSED_FUNCTION = YES;
				GCC_WARN_UNUSED_VARIABLE = YES;
				IPHONEOS_DEPLOYMENT_TARGET = 15.0;
				MTL_ENABLE_DEBUG_INFO = INCLUDE_SOURCE;
				MTL_FAST_MATH = YES;
				ONLY_ACTIVE_ARCH = YES;
				SDKROOT = iphoneos;
				SWIFT_ACTIVE_COMPILATION_CONDITIONS = DEBUG;
				SWIFT_OPTIMIZATION_LEVEL = "-Onone";
			};
			name = Debug;
		};
		8556184C27397A380095E62F /* Release */ = {
			isa = XCBuildConfiguration;
			buildSettings = {
				ALWAYS_SEARCH_USER_PATHS = NO;
				CLANG_ANALYZER_NONNULL = YES;
				CLANG_ANALYZER_NUMBER_OBJECT_CONVERSION = YES_AGGRESSIVE;
				CLANG_CXX_LANGUAGE_STANDARD = "gnu++17";
				CLANG_CXX_LIBRARY = "libc++";
				CLANG_ENABLE_MODULES = YES;
				CLANG_ENABLE_OBJC_ARC = YES;
				CLANG_ENABLE_OBJC_WEAK = YES;
				CLANG_WARN_BLOCK_CAPTURE_AUTORELEASING = YES;
				CLANG_WARN_BOOL_CONVERSION = YES;
				CLANG_WARN_COMMA = YES;
				CLANG_WARN_CONSTANT_CONVERSION = YES;
				CLANG_WARN_DEPRECATED_OBJC_IMPLEMENTATIONS = YES;
				CLANG_WARN_DIRECT_OBJC_ISA_USAGE = YES_ERROR;
				CLANG_WARN_DOCUMENTATION_COMMENTS = YES;
				CLANG_WARN_EMPTY_BODY = YES;
				CLANG_WARN_ENUM_CONVERSION = YES;
				CLANG_WARN_INFINITE_RECURSION = YES;
				CLANG_WARN_INT_CONVERSION = YES;
				CLANG_WARN_NON_LITERAL_NULL_CONVERSION = YES;
				CLANG_WARN_OBJC_IMPLICIT_RETAIN_SELF = YES;
				CLANG_WARN_OBJC_LITERAL_CONVERSION = YES;
				CLANG_WARN_OBJC_ROOT_CLASS = YES_ERROR;
				CLANG_WARN_QUOTED_INCLUDE_IN_FRAMEWORK_HEADER = YES;
				CLANG_WARN_RANGE_LOOP_ANALYSIS = YES;
				CLANG_WARN_STRICT_PROTOTYPES = YES;
				CLANG_WARN_SUSPICIOUS_MOVE = YES;
				CLANG_WARN_UNGUARDED_AVAILABILITY = YES_AGGRESSIVE;
				CLANG_WARN_UNREACHABLE_CODE = YES;
				CLANG_WARN__DUPLICATE_METHOD_MATCH = YES;
				COPY_PHASE_STRIP = NO;
				DEBUG_INFORMATION_FORMAT = "dwarf-with-dsym";
				ENABLE_NS_ASSERTIONS = NO;
				ENABLE_STRICT_OBJC_MSGSEND = YES;
				GCC_C_LANGUAGE_STANDARD = gnu11;
				GCC_NO_COMMON_BLOCKS = YES;
				GCC_WARN_64_TO_32_BIT_CONVERSION = YES;
				GCC_WARN_ABOUT_RETURN_TYPE = YES_ERROR;
				GCC_WARN_UNDECLARED_SELECTOR = YES;
				GCC_WARN_UNINITIALIZED_AUTOS = YES_AGGRESSIVE;
				GCC_WARN_UNUSED_FUNCTION = YES;
				GCC_WARN_UNUSED_VARIABLE = YES;
				IPHONEOS_DEPLOYMENT_TARGET = 15.0;
				MTL_ENABLE_DEBUG_INFO = NO;
				MTL_FAST_MATH = YES;
				SDKROOT = iphoneos;
				SWIFT_COMPILATION_MODE = wholemodule;
				SWIFT_OPTIMIZATION_LEVEL = "-O";
				VALIDATE_PRODUCT = YES;
			};
			name = Release;
		};
		8556184E27397A380095E62F /* Debug */ = {
			isa = XCBuildConfiguration;
			buildSettings = {
				ASSETCATALOG_COMPILER_APPICON_NAME = AppIcon;
				ASSETCATALOG_COMPILER_GLOBAL_ACCENT_COLOR_NAME = AccentColor;
				CODE_SIGN_STYLE = Automatic;
				CURRENT_PROJECT_VERSION = 1;
				DEVELOPMENT_ASSET_PATHS = "\"ArchitactureTestApp/Preview Content\"";
				DEVELOPMENT_TEAM = HR53C64PXY;
				ENABLE_PREVIEWS = YES;
				GENERATE_INFOPLIST_FILE = YES;
				INFOPLIST_KEY_UIApplicationSceneManifest_Generation = YES;
				INFOPLIST_KEY_UIApplicationSupportsIndirectInputEvents = YES;
				INFOPLIST_KEY_UILaunchScreen_Generation = YES;
				INFOPLIST_KEY_UISupportedInterfaceOrientations_iPad = "UIInterfaceOrientationPortrait UIInterfaceOrientationPortraitUpsideDown UIInterfaceOrientationLandscapeLeft UIInterfaceOrientationLandscapeRight";
				INFOPLIST_KEY_UISupportedInterfaceOrientations_iPhone = "UIInterfaceOrientationPortrait UIInterfaceOrientationLandscapeLeft UIInterfaceOrientationLandscapeRight";
				LD_RUNPATH_SEARCH_PATHS = (
					"$(inherited)",
					"@executable_path/Frameworks",
				);
				MARKETING_VERSION = 1.0;
				PRODUCT_BUNDLE_IDENTIFIER = "com.samoilyk.swift-ui-arch-test.ArchitactureTestApp";
				PRODUCT_NAME = "$(TARGET_NAME)";
				SWIFT_EMIT_LOC_STRINGS = YES;
				SWIFT_VERSION = 5.0;
				TARGETED_DEVICE_FAMILY = "1,2";
			};
			name = Debug;
		};
		8556184F27397A380095E62F /* Release */ = {
			isa = XCBuildConfiguration;
			buildSettings = {
				ASSETCATALOG_COMPILER_APPICON_NAME = AppIcon;
				ASSETCATALOG_COMPILER_GLOBAL_ACCENT_COLOR_NAME = AccentColor;
				CODE_SIGN_STYLE = Automatic;
				CURRENT_PROJECT_VERSION = 1;
				DEVELOPMENT_ASSET_PATHS = "\"ArchitactureTestApp/Preview Content\"";
				DEVELOPMENT_TEAM = HR53C64PXY;
				ENABLE_PREVIEWS = YES;
				GENERATE_INFOPLIST_FILE = YES;
				INFOPLIST_KEY_UIApplicationSceneManifest_Generation = YES;
				INFOPLIST_KEY_UIApplicationSupportsIndirectInputEvents = YES;
				INFOPLIST_KEY_UILaunchScreen_Generation = YES;
				INFOPLIST_KEY_UISupportedInterfaceOrientations_iPad = "UIInterfaceOrientationPortrait UIInterfaceOrientationPortraitUpsideDown UIInterfaceOrientationLandscapeLeft UIInterfaceOrientationLandscapeRight";
				INFOPLIST_KEY_UISupportedInterfaceOrientations_iPhone = "UIInterfaceOrientationPortrait UIInterfaceOrientationLandscapeLeft UIInterfaceOrientationLandscapeRight";
				LD_RUNPATH_SEARCH_PATHS = (
					"$(inherited)",
					"@executable_path/Frameworks",
				);
				MARKETING_VERSION = 1.0;
				PRODUCT_BUNDLE_IDENTIFIER = "com.samoilyk.swift-ui-arch-test.ArchitactureTestApp";
				PRODUCT_NAME = "$(TARGET_NAME)";
				SWIFT_EMIT_LOC_STRINGS = YES;
				SWIFT_VERSION = 5.0;
				TARGETED_DEVICE_FAMILY = "1,2";
			};
			name = Release;
		};
/* End XCBuildConfiguration section */

/* Begin XCConfigurationList section */
		8556183A27397A310095E62F /* Build configuration list for PBXProject "ArchitactureTestApp" */ = {
			isa = XCConfigurationList;
			buildConfigurations = (
				8556184B27397A380095E62F /* Debug */,
				8556184C27397A380095E62F /* Release */,
			);
			defaultConfigurationIsVisible = 0;
			defaultConfigurationName = Release;
		};
		8556184D27397A380095E62F /* Build configuration list for PBXNativeTarget "ArchitactureTestApp" */ = {
			isa = XCConfigurationList;
			buildConfigurations = (
				8556184E27397A380095E62F /* Debug */,
				8556184F27397A380095E62F /* Release */,
			);
			defaultConfigurationIsVisible = 0;
			defaultConfigurationName = Release;
		};
/* End XCConfigurationList section */
	};
	rootObject = 8556183727397A310095E62F /* Project object */;
}
